
Microsoft Visual Studio Solution File, Format Version 12.00
# Visual Studio 2012
Project("{FAE04EC0-301F-11D3-BF4B-00C04F79EFBC}") = "Kitchen", "Kitchen\Kitchen.csproj", "{020236F4-E020-4A55-8C9A-57F28044E640}"
EndProject
Project("{FAE04EC0-301F-11D3-BF4B-00C04F79EFBC}") = "Database", "Database\Database.csproj", "{FA62B11A-66BA-426C-900F-B0D4E7178BDC}"
EndProject
Project("{FAE04EC0-301F-11D3-BF4B-00C04F79EFBC}") = "UnitTests", "UnitTests\UnitTests.csproj", "{AC7F9F09-3477-4602-93C3-02A43E76515E}"
EndProject
Global
	GlobalSection(SolutionConfigurationPlatforms) = preSolution
		Debug|Any CPU = Debug|Any CPU
		Release|Any CPU = Release|Any CPU
	EndGlobalSection
	GlobalSection(ProjectConfigurationPlatforms) = postSolution
		{020236F4-E020-4A55-8C9A-57F28044E640}.Debug|Any CPU.ActiveCfg = Debug|Any CPU
		{020236F4-E020-4A55-8C9A-57F28044E640}.Debug|Any CPU.Build.0 = Debug|Any CPU
		{020236F4-E020-4A55-8C9A-57F28044E640}.Release|Any CPU.ActiveCfg = Release|Any CPU
		{020236F4-E020-4A55-8C9A-57F28044E640}.Release|Any CPU.Build.0 = Release|Any CPU
		{FA62B11A-66BA-426C-900F-B0D4E7178BDC}.Debug|Any CPU.ActiveCfg = Debug|Any CPU
		{FA62B11A-66BA-426C-900F-B0D4E7178BDC}.Debug|Any CPU.Build.0 = Debug|Any CPU
		{FA62B11A-66BA-426C-900F-B0D4E7178BDC}.Release|Any CPU.ActiveCfg = Release|Any CPU
		{FA62B11A-66BA-426C-900F-B0D4E7178BDC}.Release|Any CPU.Build.0 = Release|Any CPU
		{AC7F9F09-3477-4602-93C3-02A43E76515E}.Debug|Any CPU.ActiveCfg = Debug|Any CPU
		{AC7F9F09-3477-4602-93C3-02A43E76515E}.Debug|Any CPU.Build.0 = Debug|Any CPU
		{AC7F9F09-3477-4602-93C3-02A43E76515E}.Release|Any CPU.ActiveCfg = Release|Any CPU
		{AC7F9F09-3477-4602-93C3-02A43E76515E}.Release|Any CPU.Build.0 = Release|Any CPU
	EndGlobalSection
	GlobalSection(SolutionProperties) = preSolution
		HideSolutionNode = FALSE
	EndGlobalSection
EndGlobal
